
Microsoft Visual Studio Solution File, Format Version 12.00
# Visual Studio Version 16
VisualStudioVersion = 16.0.30204.135
MinimumVisualStudioVersion = 10.0.40219.1
Project("{FAE04EC0-301F-11D3-BF4B-00C04F79EFBC}") = "MvcMusicStore", "MvcMusicStore\MvcMusicStore.csproj", "{32DCD27D-A84C-4250-B657-408B3620A9AC}"
EndProject
Project("{2150E333-8FDC-42A3-9474-1A3956D46DE8}") = "Solution Items", "Solution Items", "{08E725C4-E789-4DBA-8746-EEB44B827DD7}"
	ProjectSection(SolutionItems) = preProject
		README.md = README.md
	EndProjectSection
EndProject
Project("{2150E333-8FDC-42A3-9474-1A3956D46DE8}") = "LinqPad", "LinqPad", "{FB4AC48D-832D-4E65-ACC3-6539064C3254}"
	ProjectSection(SolutionItems) = preProject
		DataExport\LinqPadScripts\albums.linq = DataExport\LinqPadScripts\albums.linq
		DataExport\LinqPadScripts\artists.linq = DataExport\LinqPadScripts\artists.linq
		DataExport\LinqPadScripts\genres.linq = DataExport\LinqPadScripts\genres.linq
	EndProjectSection
EndProject
Project("{2150E333-8FDC-42A3-9474-1A3956D46DE8}") = "Postman", "Postman", "{90D6E3AD-71CE-491A-9642-E3BC60060641}"
	ProjectSection(SolutionItems) = preProject
		DataExport\PostmanCollection\MusicStore OpenSearch.postman_collection.json = DataExport\PostmanCollection\MusicStore OpenSearch.postman_collection.json
	EndProjectSection
EndProject
Global
	GlobalSection(SolutionConfigurationPlatforms) = preSolution
		Debug|Any CPU = Debug|Any CPU
		Release|Any CPU = Release|Any CPU
	EndGlobalSection
	GlobalSection(ProjectConfigurationPlatforms) = postSolution
		{32DCD27D-A84C-4250-B657-408B3620A9AC}.Debug|Any CPU.ActiveCfg = Debug|Any CPU
		{32DCD27D-A84C-4250-B657-408B3620A9AC}.Debug|Any CPU.Build.0 = Debug|Any CPU
		{32DCD27D-A84C-4250-B657-408B3620A9AC}.Release|Any CPU.ActiveCfg = Release|Any CPU
		{32DCD27D-A84C-4250-B657-408B3620A9AC}.Release|Any CPU.Build.0 = Release|Any CPU
	EndGlobalSection
	GlobalSection(SolutionProperties) = preSolution
		HideSolutionNode = FALSE
	EndGlobalSection
	GlobalSection(NestedProjects) = preSolution
		{FB4AC48D-832D-4E65-ACC3-6539064C3254} = {08E725C4-E789-4DBA-8746-EEB44B827DD7}
		{90D6E3AD-71CE-491A-9642-E3BC60060641} = {08E725C4-E789-4DBA-8746-EEB44B827DD7}
	EndGlobalSection
	GlobalSection(ExtensibilityGlobals) = postSolution
		SolutionGuid = {DCA17B64-F3F7-4AE8-8D49-171358610DDB}
	EndGlobalSection
EndGlobal
